
Microsoft Visual Studio Solution File, Format Version 12.00
# Visual Studio Version 17
VisualStudioVersion = 17.5.33516.290
MinimumVisualStudioVersion = 10.0.40219.1
Project("{FAE04EC0-301F-11D3-BF4B-00C04F79EFBC}") = "Fiorello", "Fiorello.csproj", "{9F3921E0-85F8-435F-A4E1-8384BE1D8889}"
EndProject
Global
	GlobalSection(SolutionConfigurationPlatforms) = preSolution
		Debug|Any CPU = Debug|Any CPU
		Release|Any CPU = Release|Any CPU
	EndGlobalSection
	GlobalSection(ProjectConfigurationPlatforms) = postSolution
		{9F3921E0-85F8-435F-A4E1-8384BE1D8889}.Debug|Any CPU.ActiveCfg = Debug|Any CPU
		{9F3921E0-85F8-435F-A4E1-8384BE1D8889}.Debug|Any CPU.Build.0 = Debug|Any CPU
		{9F3921E0-85F8-435F-A4E1-8384BE1D8889}.Release|Any CPU.ActiveCfg = Release|Any CPU
		{9F3921E0-85F8-435F-A4E1-8384BE1D8889}.Release|Any CPU.Build.0 = Release|Any CPU
	EndGlobalSection
	GlobalSection(SolutionProperties) = preSolution
		HideSolutionNode = FALSE
	EndGlobalSection
	GlobalSection(ExtensibilityGlobals) = postSolution
		SolutionGuid = {265EB573-280D-48A3-B0D3-C3872AE5C6FB}
	EndGlobalSection
EndGlobal
